
Microsoft Visual Studio Solution File, Format Version 12.00
# Visual Studio Version 17
VisualStudioVersion = 17.13.35919.96
MinimumVisualStudioVersion = 10.0.40219.1
Project("{FAE04EC0-301F-11D3-BF4B-00C04F79EFBC}") = "Talabat.Apis", "Talabat.Apis\Talabat.Apis.csproj", "{1A592BB3-15F9-4086-BB63-19D825210F8B}"
EndProject
Project("{FAE04EC0-301F-11D3-BF4B-00C04F79EFBC}") = "Talabat.Core", "Talabat.Core\Talabat.Core.csproj", "{E3127FD0-F522-43F9-82E6-E2D309EB30CE}"
EndProject
Project("{FAE04EC0-301F-11D3-BF4B-00C04F79EFBC}") = "Talabat.Repository", "Talabat.Repository\Talabat.Repository.csproj", "{21563DFA-1E13-4CCD-A02C-64C161D1C0A6}"
EndProject
Project("{FAE04EC0-301F-11D3-BF4B-00C04F79EFBC}") = "Talabat.Services", "Talabat.Services\Talabat.Services.csproj", "{9DF50D6B-65CE-4CE8-9F53-42A1DF9FFA93}"
EndProject
Global
	GlobalSection(SolutionConfigurationPlatforms) = preSolution
		Debug|Any CPU = Debug|Any CPU
		Release|Any CPU = Release|Any CPU
	EndGlobalSection
	GlobalSection(ProjectConfigurationPlatforms) = postSolution
		{1A592BB3-15F9-4086-BB63-19D825210F8B}.Debug|Any CPU.ActiveCfg = Debug|Any CPU
		{1A592BB3-15F9-4086-BB63-19D825210F8B}.Debug|Any CPU.Build.0 = Debug|Any CPU
		{1A592BB3-15F9-4086-BB63-19D825210F8B}.Release|Any CPU.ActiveCfg = Release|Any CPU
		{1A592BB3-15F9-4086-BB63-19D825210F8B}.Release|Any CPU.Build.0 = Release|Any CPU
		{E3127FD0-F522-43F9-82E6-E2D309EB30CE}.Debug|Any CPU.ActiveCfg = Debug|Any CPU
		{E3127FD0-F522-43F9-82E6-E2D309EB30CE}.Debug|Any CPU.Build.0 = Debug|Any CPU
		{E3127FD0-F522-43F9-82E6-E2D309EB30CE}.Release|Any CPU.ActiveCfg = Release|Any CPU
		{E3127FD0-F522-43F9-82E6-E2D309EB30CE}.Release|Any CPU.Build.0 = Release|Any CPU
		{21563DFA-1E13-4CCD-A02C-64C161D1C0A6}.Debug|Any CPU.ActiveCfg = Debug|Any CPU
		{21563DFA-1E13-4CCD-A02C-64C161D1C0A6}.Debug|Any CPU.Build.0 = Debug|Any CPU
		{21563DFA-1E13-4CCD-A02C-64C161D1C0A6}.Release|Any CPU.ActiveCfg = Release|Any CPU
		{21563DFA-1E13-4CCD-A02C-64C161D1C0A6}.Release|Any CPU.Build.0 = Release|Any CPU
		{9DF50D6B-65CE-4CE8-9F53-42A1DF9FFA93}.Debug|Any CPU.ActiveCfg = Debug|Any CPU
		{9DF50D6B-65CE-4CE8-9F53-42A1DF9FFA93}.Debug|Any CPU.Build.0 = Debug|Any CPU
		{9DF50D6B-65CE-4CE8-9F53-42A1DF9FFA93}.Release|Any CPU.ActiveCfg = Release|Any CPU
		{9DF50D6B-65CE-4CE8-9F53-42A1DF9FFA93}.Release|Any CPU.Build.0 = Release|Any CPU
	EndGlobalSection
	GlobalSection(SolutionProperties) = preSolution
		HideSolutionNode = FALSE
	EndGlobalSection
	GlobalSection(ExtensibilityGlobals) = postSolution
		SolutionGuid = {A9895131-8351-48F4-841D-91A92BF84B94}
	EndGlobalSection
EndGlobal
